
Microsoft Visual Studio Solution File, Format Version 12.00
# Visual Studio Version 17
VisualStudioVersion = 17.4.33213.308
MinimumVisualStudioVersion = 10.0.40219.1
Project("{FAE04EC0-301F-11D3-BF4B-00C04F79EFBC}") = "EntityCreatorSimulator", "EntityCreatorSimulator\EntityCreatorSimulator.csproj", "{998501A7-306B-4F4E-98CF-505B50E13512}"
EndProject
Global
	GlobalSection(SolutionConfigurationPlatforms) = preSolution
		Debug|Any CPU = Debug|Any CPU
		Release|Any CPU = Release|Any CPU
	EndGlobalSection
	GlobalSection(ProjectConfigurationPlatforms) = postSolution
		{998501A7-306B-4F4E-98CF-505B50E13512}.Debug|Any CPU.ActiveCfg = Debug|Any CPU
		{998501A7-306B-4F4E-98CF-505B50E13512}.Debug|Any CPU.Build.0 = Debug|Any CPU
		{998501A7-306B-4F4E-98CF-505B50E13512}.Release|Any CPU.ActiveCfg = Release|Any CPU
		{998501A7-306B-4F4E-98CF-505B50E13512}.Release|Any CPU.Build.0 = Release|Any CPU
	EndGlobalSection
	GlobalSection(SolutionProperties) = preSolution
		HideSolutionNode = FALSE
	EndGlobalSection
	GlobalSection(ExtensibilityGlobals) = postSolution
		SolutionGuid = {244902A7-FA50-4C5F-B4F8-F86A1454F58F}
	EndGlobalSection
EndGlobal
